// !$*UTF8*$!
{
	archiveVersion = 1;
	classes = {
	};
	objectVersion = 48;
	objects = {

/* Begin PBXBuildFile section */
		827C7D62204E3C0600ECB6AD /* NVScanner.m in Sources */ = {isa = PBXBuildFile; fileRef = 827C7D61204E3C0600ECB6AD /* NVScanner.m */; };
		82C0F151204E8E7200925E77 /* scanSuccess.wav in Resources */ = {isa = PBXBuildFile; fileRef = 82C0F150204E8E5F00925E77 /* scanSuccess.wav */; };
		82E32F50204E2F2F00A46C61 /* AppDelegate.m in Sources */ = {isa = PBXBuildFile; fileRef = 82E32F4F204E2F2F00A46C61 /* AppDelegate.m */; };
		82E32F53204E2F2F00A46C61 /* ViewController.m in Sources */ = {isa = PBXBuildFile; fileRef = 82E32F52204E2F2F00A46C61 /* ViewController.m */; };
		82E32F56204E2F2F00A46C61 /* Main.storyboard in Resources */ = {isa = PBXBuildFile; fileRef = 82E32F54204E2F2F00A46C61 /* Main.storyboard */; };
		82E32F58204E2F2F00A46C61 /* Assets.xcassets in Resources */ = {isa = PBXBuildFile; fileRef = 82E32F57204E2F2F00A46C61 /* Assets.xcassets */; };
		82E32F5B204E2F2F00A46C61 /* LaunchScreen.storyboard in Resources */ = {isa = PBXBuildFile; fileRef = 82E32F59204E2F2F00A46C61 /* LaunchScreen.storyboard */; };
		82E32F5E204E2F2F00A46C61 /* main.m in Sources */ = {isa = PBXBuildFile; fileRef = 82E32F5D204E2F2F00A46C61 /* main.m */; };
		82E32F68204E2F2F00A46C61 /* QRCodeTests.m in Sources */ = {isa = PBXBuildFile; fileRef = 82E32F67204E2F2F00A46C61 /* QRCodeTests.m */; };
		82E32F73204E2F2F00A46C61 /* QRCodeUITests.m in Sources */ = {isa = PBXBuildFile; fileRef = 82E32F72204E2F2F00A46C61 /* QRCodeUITests.m */; };
		82E32F82204E300600A46C61 /* NVScanView.m in Sources */ = {isa = PBXBuildFile; fileRef = 82E32F81204E300600A46C61 /* NVScanView.m */; };
/* End PBXBuildFile section */

/* Begin PBXContainerItemProxy section */
		82E32F64204E2F2F00A46C61 /* PBXContainerItemProxy */ = {
			isa = PBXContainerItemProxy;
			containerPortal = 82E32F43204E2F2F00A46C61 /* Project object */;
			proxyType = 1;
			remoteGlobalIDString = 82E32F4A204E2F2F00A46C61;
			remoteInfo = QRCode;
		};
		82E32F6F204E2F2F00A46C61 /* PBXContainerItemProxy */ = {
			isa = PBXContainerItemProxy;
			containerPortal = 82E32F43204E2F2F00A46C61 /* Project object */;
			proxyType = 1;
			remoteGlobalIDString = 82E32F4A204E2F2F00A46C61;
			remoteInfo = QRCode;
		};
/* End PBXContainerItemProxy section */

/* Begin PBXFileReference section */
		827C7D60204E3C0600ECB6AD /* NVScanner.h */ = {isa = PBXFileReference; lastKnownFileType = sourcecode.c.h; path = NVScanner.h; sourceTree = "<group>"; };
		827C7D61204E3C0600ECB6AD /* NVScanner.m */ = {isa = PBXFileReference; lastKnownFileType = sourcecode.c.objc; path = NVScanner.m; sourceTree = "<group>"; };
		828A54E42050ED8700B005F4 /* NV_ScannerProtocol.h */ = {isa = PBXFileReference; lastKnownFileType = sourcecode.c.h; path = NV_ScannerProtocol.h; sourceTree = "<group>"; };
		82C0F150204E8E5F00925E77 /* scanSuccess.wav */ = {isa = PBXFileReference; lastKnownFileType = audio.wav; path = scanSuccess.wav; sourceTree = "<group>"; };
		82E32F4B204E2F2F00A46C61 /* QRCode.app */ = {isa = PBXFileReference; explicitFileType = wrapper.application; includeInIndex = 0; path = QRCode.app; sourceTree = BUILT_PRODUCTS_DIR; };
		82E32F4E204E2F2F00A46C61 /* AppDelegate.h */ = {isa = PBXFileReference; lastKnownFileType = sourcecode.c.h; path = AppDelegate.h; sourceTree = "<group>"; };
		82E32F4F204E2F2F00A46C61 /* AppDelegate.m */ = {isa = PBXFileReference; lastKnownFileType = sourcecode.c.objc; path = AppDelegate.m; sourceTree = "<group>"; };
		82E32F51204E2F2F00A46C61 /* ViewController.h */ = {isa = PBXFileReference; lastKnownFileType = sourcecode.c.h; path = ViewController.h; sourceTree = "<group>"; };
		82E32F52204E2F2F00A46C61 /* ViewController.m */ = {isa = PBXFileReference; lastKnownFileType = sourcecode.c.objc; path = ViewController.m; sourceTree = "<group>"; };
		82E32F55204E2F2F00A46C61 /* Base */ = {isa = PBXFileReference; lastKnownFileType = file.storyboard; name = Base; path = Base.lproj/Main.storyboard; sourceTree = "<group>"; };
		82E32F57204E2F2F00A46C61 /* Assets.xcassets */ = {isa = PBXFileReference; lastKnownFileType = folder.assetcatalog; path = Assets.xcassets; sourceTree = "<group>"; };
		82E32F5A204E2F2F00A46C61 /* Base */ = {isa = PBXFileReference; lastKnownFileType = file.storyboard; name = Base; path = Base.lproj/LaunchScreen.storyboard; sourceTree = "<group>"; };
		82E32F5C204E2F2F00A46C61 /* Info.plist */ = {isa = PBXFileReference; lastKnownFileType = text.plist.xml; path = Info.plist; sourceTree = "<group>"; };
		82E32F5D204E2F2F00A46C61 /* main.m */ = {isa = PBXFileReference; lastKnownFileType = sourcecode.c.objc; path = main.m; sourceTree = "<group>"; };
		82E32F63204E2F2F00A46C61 /* QRCodeTests.xctest */ = {isa = PBXFileReference; explicitFileType = wrapper.cfbundle; includeInIndex = 0; path = QRCodeTests.xctest; sourceTree = BUILT_PRODUCTS_DIR; };
		82E32F67204E2F2F00A46C61 /* QRCodeTests.m */ = {isa = PBXFileReference; lastKnownFileType = sourcecode.c.objc; path = QRCodeTests.m; sourceTree = "<group>"; };
		82E32F69204E2F2F00A46C61 /* Info.plist */ = {isa = PBXFileReference; lastKnownFileType = text.plist.xml; path = Info.plist; sourceTree = "<group>"; };
		82E32F6E204E2F2F00A46C61 /* QRCodeUITests.xctest */ = {isa = PBXFileReference; explicitFileType = wrapper.cfbundle; includeInIndex = 0; path = QRCodeUITests.xctest; sourceTree = BUILT_PRODUCTS_DIR; };
		82E32F72204E2F2F00A46C61 /* QRCodeUITests.m */ = {isa = PBXFileReference; lastKnownFileType = sourcecode.c.objc; path = QRCodeUITests.m; sourceTree = "<group>"; };
		82E32F74204E2F2F00A46C61 /* Info.plist */ = {isa = PBXFileReference; lastKnownFileType = text.plist.xml; path = Info.plist; sourceTree = "<group>"; };
		82E32F80204E300600A46C61 /* NVScanView.h */ = {isa = PBXFileReference; lastKnownFileType = sourcecode.c.h; path = NVScanView.h; sourceTree = "<group>"; };
		82E32F81204E300600A46C61 /* NVScanView.m */ = {isa = PBXFileReference; lastKnownFileType = sourcecode.c.objc; path = NVScanView.m; sourceTree = "<group>"; };
/* End PBXFileReference section */

/* Begin PBXFrameworksBuildPhase section */
		82E32F48204E2F2F00A46C61 /* Frameworks */ = {
			isa = PBXFrameworksBuildPhase;
			buildActionMask = 2147483647;
			files = (
			);
			runOnlyForDeploymentPostprocessing = 0;
		};
		82E32F60204E2F2F00A46C61 /* Frameworks */ = {
			isa = PBXFrameworksBuildPhase;
			buildActionMask = 2147483647;
			files = (
			);
			runOnlyForDeploymentPostprocessing = 0;
		};
		82E32F6B204E2F2F00A46C61 /* Frameworks */ = {
			isa = PBXFrameworksBuildPhase;
			buildActionMask = 2147483647;
			files = (
			);
			runOnlyForDeploymentPostprocessing = 0;
		};
/* End PBXFrameworksBuildPhase section */

/* Begin PBXGroup section */
		82E32F42204E2F2F00A46C61 = {
			isa = PBXGroup;
			children = (
				82E32F4D204E2F2F00A46C61 /* QRCode */,
				82E32F66204E2F2F00A46C61 /* QRCodeTests */,
				82E32F71204E2F2F00A46C61 /* QRCodeUITests */,
				82E32F4C204E2F2F00A46C61 /* Products */,
			);
			sourceTree = "<group>";
		};
		82E32F4C204E2F2F00A46C61 /* Products */ = {
			isa = PBXGroup;
			children = (
				82E32F4B204E2F2F00A46C61 /* QRCode.app */,
				82E32F63204E2F2F00A46C61 /* QRCodeTests.xctest */,
				82E32F6E204E2F2F00A46C61 /* QRCodeUITests.xctest */,
			);
			name = Products;
			sourceTree = "<group>";
		};
		82E32F4D204E2F2F00A46C61 /* QRCode */ = {
			isa = PBXGroup;
			children = (
				82C0F150204E8E5F00925E77 /* scanSuccess.wav */,
				82E32F4E204E2F2F00A46C61 /* AppDelegate.h */,
				82E32F4F204E2F2F00A46C61 /* AppDelegate.m */,
				82E32F51204E2F2F00A46C61 /* ViewController.h */,
				82E32F52204E2F2F00A46C61 /* ViewController.m */,
				82E32F54204E2F2F00A46C61 /* Main.storyboard */,
				82E32F57204E2F2F00A46C61 /* Assets.xcassets */,
				82E32F59204E2F2F00A46C61 /* LaunchScreen.storyboard */,
				82E32F5C204E2F2F00A46C61 /* Info.plist */,
				82E32F5D204E2F2F00A46C61 /* main.m */,
				82E32F80204E300600A46C61 /* NVScanView.h */,
				82E32F81204E300600A46C61 /* NVScanView.m */,
				827C7D60204E3C0600ECB6AD /* NVScanner.h */,
				827C7D61204E3C0600ECB6AD /* NVScanner.m */,
				828A54E42050ED8700B005F4 /* NV_ScannerProtocol.h */,
			);
			path = QRCode;
			sourceTree = "<group>";
		};
		82E32F66204E2F2F00A46C61 /* QRCodeTests */ = {
			isa = PBXGroup;
			children = (
				82E32F67204E2F2F00A46C61 /* QRCodeTests.m */,
				82E32F69204E2F2F00A46C61 /* Info.plist */,
			);
			path = QRCodeTests;
			sourceTree = "<group>";
		};
		82E32F71204E2F2F00A46C61 /* QRCodeUITests */ = {
			isa = PBXGroup;
			children = (
				82E32F72204E2F2F00A46C61 /* QRCodeUITests.m */,
				82E32F74204E2F2F00A46C61 /* Info.plist */,
			);
			path = QRCodeUITests;
			sourceTree = "<group>";
		};
/* End PBXGroup section */

/* Begin PBXNativeTarget section */
		82E32F4A204E2F2F00A46C61 /* QRCode */ = {
			isa = PBXNativeTarget;
			buildConfigurationList = 82E32F77204E2F2F00A46C61 /* Build configuration list for PBXNativeTarget "QRCode" */;
			buildPhases = (
				82E32F47204E2F2F00A46C61 /* Sources */,
				82E32F48204E2F2F00A46C61 /* Frameworks */,
				82E32F49204E2F2F00A46C61 /* Resources */,
			);
			buildRules = (
			);
			dependencies = (
			);
			name = QRCode;
			productName = QRCode;
			productReference = 82E32F4B204E2F2F00A46C61 /* QRCode.app */;
			productType = "com.apple.product-type.application";
		};
		82E32F62204E2F2F00A46C61 /* QRCodeTests */ = {
			isa = PBXNativeTarget;
			buildConfigurationList = 82E32F7A204E2F2F00A46C61 /* Build configuration list for PBXNativeTarget "QRCodeTests" */;
			buildPhases = (
				82E32F5F204E2F2F00A46C61 /* Sources */,
				82E32F60204E2F2F00A46C61 /* Frameworks */,
				82E32F61204E2F2F00A46C61 /* Resources */,
			);
			buildRules = (
			);
			dependencies = (
				82E32F65204E2F2F00A46C61 /* PBXTargetDependency */,
			);
			name = QRCodeTests;
			productName = QRCodeTests;
			productReference = 82E32F63204E2F2F00A46C61 /* QRCodeTests.xctest */;
			productType = "com.apple.product-type.bundle.unit-test";
		};
		82E32F6D204E2F2F00A46C61 /* QRCodeUITests */ = {
			isa = PBXNativeTarget;
			buildConfigurationList = 82E32F7D204E2F2F00A46C61 /* Build configuration list for PBXNativeTarget "QRCodeUITests" */;
			buildPhases = (
				82E32F6A204E2F2F00A46C61 /* Sources */,
				82E32F6B204E2F2F00A46C61 /* Frameworks */,
				82E32F6C204E2F2F00A46C61 /* Resources */,
			);
			buildRules = (
			);
			dependencies = (
				82E32F70204E2F2F00A46C61 /* PBXTargetDependency */,
			);
			name = QRCodeUITests;
			productName = QRCodeUITests;
			productReference = 82E32F6E204E2F2F00A46C61 /* QRCodeUITests.xctest */;
			productType = "com.apple.product-type.bundle.ui-testing";
		};
/* End PBXNativeTarget section */

/* Begin PBXProject section */
		82E32F43204E2F2F00A46C61 /* Project object */ = {
			isa = PBXProject;
			attributes = {
				LastUpgradeCheck = 0900;
				ORGANIZATIONNAME = jiani;
				TargetAttributes = {
					82E32F4A204E2F2F00A46C61 = {
						CreatedOnToolsVersion = 9.0;
						ProvisioningStyle = Manual;
					};
					82E32F62204E2F2F00A46C61 = {
						CreatedOnToolsVersion = 9.0;
						ProvisioningStyle = Automatic;
						TestTargetID = 82E32F4A204E2F2F00A46C61;
					};
					82E32F6D204E2F2F00A46C61 = {
						CreatedOnToolsVersion = 9.0;
						ProvisioningStyle = Automatic;
						TestTargetID = 82E32F4A204E2F2F00A46C61;
					};
				};
			};
			buildConfigurationList = 82E32F46204E2F2F00A46C61 /* Build configuration list for PBXProject "QRCode" */;
			compatibilityVersion = "Xcode 8.0";
			developmentRegion = en;
			hasScannedForEncodings = 0;
			knownRegions = (
				en,
				Base,
			);
			mainGroup = 82E32F42204E2F2F00A46C61;
			productRefGroup = 82E32F4C204E2F2F00A46C61 /* Products */;
			projectDirPath = "";
			projectRoot = "";
			targets = (
				82E32F4A204E2F2F00A46C61 /* QRCode */,
				82E32F62204E2F2F00A46C61 /* QRCodeTests */,
				82E32F6D204E2F2F00A46C61 /* QRCodeUITests */,
			);
		};
/* End PBXProject section */

/* Begin PBXResourcesBuildPhase section */
		82E32F49204E2F2F00A46C61 /* Resources */ = {
			isa = PBXResourcesBuildPhase;
			buildActionMask = 2147483647;
			files = (
				82C0F151204E8E7200925E77 /* scanSuccess.wav in Resources */,
				82E32F5B204E2F2F00A46C61 /* LaunchScreen.storyboard in Resources */,
				82E32F58204E2F2F00A46C61 /* Assets.xcassets in Resources */,
				82E32F56204E2F2F00A46C61 /* Main.storyboard in Resources */,
			);
			runOnlyForDeploymentPostprocessing = 0;
		};
		82E32F61204E2F2F00A46C61 /* Resources */ = {
			isa = PBXResourcesBuildPhase;
			buildActionMask = 2147483647;
			files = (
			);
			runOnlyForDeploymentPostprocessing = 0;
		};
		82E32F6C204E2F2F00A46C61 /* Resources */ = {
			isa = PBXResourcesBuildPhase;
			buildActionMask = 2147483647;
			files = (
			);
			runOnlyForDeploymentPostprocessing = 0;
		};
/* End PBXResourcesBuildPhase section */

/* Begin PBXSourcesBuildPhase section */
		82E32F47204E2F2F00A46C61 /* Sources */ = {
			isa = PBXSourcesBuildPhase;
			buildActionMask = 2147483647;
			files = (
				82E32F82204E300600A46C61 /* NVScanView.m in Sources */,
				82E32F53204E2F2F00A46C61 /* ViewController.m in Sources */,
				82E32F5E204E2F2F00A46C61 /* main.m in Sources */,
				827C7D62204E3C0600ECB6AD /* NVScanner.m in Sources */,
				82E32F50204E2F2F00A46C61 /* AppDelegate.m in Sources */,
			);
			runOnlyForDeploymentPostprocessing = 0;
		};
		82E32F5F204E2F2F00A46C61 /* Sources */ = {
			isa = PBXSourcesBuildPhase;
			buildActionMask = 2147483647;
			files = (
				82E32F68204E2F2F00A46C61 /* QRCodeTests.m in Sources */,
			);
			runOnlyForDeploymentPostprocessing = 0;
		};
		82E32F6A204E2F2F00A46C61 /* Sources */ = {
			isa = PBXSourcesBuildPhase;
			buildActionMask = 2147483647;
			files = (
				82E32F73204E2F2F00A46C61 /* QRCodeUITests.m in Sources */,
			);
			runOnlyForDeploymentPostprocessing = 0;
		};
/* End PBXSourcesBuildPhase section */

/* Begin PBXTargetDependency section */
		82E32F65204E2F2F00A46C61 /* PBXTargetDependency */ = {
			isa = PBXTargetDependency;
			target = 82E32F4A204E2F2F00A46C61 /* QRCode */;
			targetProxy = 82E32F64204E2F2F00A46C61 /* PBXContainerItemProxy */;
		};
		82E32F70204E2F2F00A46C61 /* PBXTargetDependency */ = {
			isa = PBXTargetDependency;
			target = 82E32F4A204E2F2F00A46C61 /* QRCode */;
			targetProxy = 82E32F6F204E2F2F00A46C61 /* PBXContainerItemProxy */;
		};
/* End PBXTargetDependency section */

/* Begin PBXVariantGroup section */
		82E32F54204E2F2F00A46C61 /* Main.storyboard */ = {
			isa = PBXVariantGroup;
			children = (
				82E32F55204E2F2F00A46C61 /* Base */,
			);
			name = Main.storyboard;
			sourceTree = "<group>";
		};
		82E32F59204E2F2F00A46C61 /* LaunchScreen.storyboard */ = {
			isa = PBXVariantGroup;
			children = (
				82E32F5A204E2F2F00A46C61 /* Base */,
			);
			name = LaunchScreen.storyboard;
			sourceTree = "<group>";
		};
/* End PBXVariantGroup section */

/* Begin XCBuildConfiguration section */
		82E32F75204E2F2F00A46C61 /* Debug */ = {
			isa = XCBuildConfiguration;
			buildSettings = {
				ALWAYS_SEARCH_USER_PATHS = NO;
				CLANG_ANALYZER_NONNULL = YES;
				CLANG_ANALYZER_NUMBER_OBJECT_CONVERSION = YES_AGGRESSIVE;
				CLANG_CXX_LANGUAGE_STANDARD = "gnu++14";
				CLANG_CXX_LIBRARY = "libc++";
				CLANG_ENABLE_MODULES = YES;
				CLANG_ENABLE_OBJC_ARC = YES;
				CLANG_WARN_BLOCK_CAPTURE_AUTORELEASING = YES;
				CLANG_WARN_BOOL_CONVERSION = YES;
				CLANG_WARN_COMMA = YES;
				CLANG_WARN_CONSTANT_CONVERSION = YES;
				CLANG_WARN_DIRECT_OBJC_ISA_USAGE = YES_ERROR;
				CLANG_WARN_DOCUMENTATION_COMMENTS = YES;
				CLANG_WARN_EMPTY_BODY = YES;
				CLANG_WARN_ENUM_CONVERSION = YES;
				CLANG_WARN_INFINITE_RECURSION = YES;
				CLANG_WARN_INT_CONVERSION = YES;
				CLANG_WARN_NON_LITERAL_NULL_CONVERSION = YES;
				CLANG_WARN_OBJC_LITERAL_CONVERSION = YES;
				CLANG_WARN_OBJC_ROOT_CLASS = YES_ERROR;
				CLANG_WARN_RANGE_LOOP_ANALYSIS = YES;
				CLANG_WARN_STRICT_PROTOTYPES = YES;
				CLANG_WARN_SUSPICIOUS_MOVE = YES;
				CLANG_WARN_UNGUARDED_AVAILABILITY = YES_AGGRESSIVE;
				CLANG_WARN_UNREACHABLE_CODE = YES;
				CLANG_WARN__DUPLICATE_METHOD_MATCH = YES;
				CODE_SIGN_IDENTITY = "iPhone Developer";
				COPY_PHASE_STRIP = NO;
				DEBUG_INFORMATION_FORMAT = dwarf;
				ENABLE_STRICT_OBJC_MSGSEND = YES;
				ENABLE_TESTABILITY = YES;
				GCC_C_LANGUAGE_STANDARD = gnu11;
				GCC_DYNAMIC_NO_PIC = NO;
				GCC_NO_COMMON_BLOCKS = YES;
				GCC_OPTIMIZATION_LEVEL = 0;
				GCC_PREPROCESSOR_DEFINITIONS = (
					"DEBUG=1",
					"$(inherited)",
				);
				GCC_WARN_64_TO_32_BIT_CONVERSION = YES;
				GCC_WARN_ABOUT_RETURN_TYPE = YES_ERROR;
				GCC_WARN_UNDECLARED_SELECTOR = YES;
				GCC_WARN_UNINITIALIZED_AUTOS = YES_AGGRESSIVE;
				GCC_WARN_UNUSED_FUNCTION = YES;
				GCC_WARN_UNUSED_VARIABLE = YES;
				IPHONEOS_DEPLOYMENT_TARGET = 11.0;
				MTL_ENABLE_DEBUG_INFO = YES;
				ONLY_ACTIVE_ARCH = YES;
				SDKROOT = iphoneos;
			};
			name = Debug;
		};
		82E32F76204E2F2F00A46C61 /* Release */ = {
			isa = XCBuildConfiguration;
			buildSettings = {
				ALWAYS_SEARCH_USER_PATHS = NO;
				CLANG_ANALYZER_NONNULL = YES;
				CLANG_ANALYZER_NUMBER_OBJECT_CONVERSION = YES_AGGRESSIVE;
				CLANG_CXX_LANGUAGE_STANDARD = "gnu++14";
				CLANG_CXX_LIBRARY = "libc++";
				CLANG_ENABLE_MODULES = YES;
				CLANG_ENABLE_OBJC_ARC = YES;
				CLANG_WARN_BLOCK_CAPTURE_AUTORELEASING = YES;
				CLANG_WARN_BOOL_CONVERSION = YES;
				CLANG_WARN_COMMA = YES;
				CLANG_WARN_CONSTANT_CONVERSION = YES;
				CLANG_WARN_DIRECT_OBJC_ISA_USAGE = YES_ERROR;
				CLANG_WARN_DOCUMENTATION_COMMENTS = YES;
				CLANG_WARN_EMPTY_BODY = YES;
				CLANG_WARN_ENUM_CONVERSION = YES;
				CLANG_WARN_INFINITE_RECURSION = YES;
				CLANG_WARN_INT_CONVERSION = YES;
				CLANG_WARN_NON_LITERAL_NULL_CONVERSION = YES;
				CLANG_WARN_OBJC_LITERAL_CONVERSION = YES;
				CLANG_WARN_OBJC_ROOT_CLASS = YES_ERROR;
				CLANG_WARN_RANGE_LOOP_ANALYSIS = YES;
				CLANG_WARN_STRICT_PROTOTYPES = YES;
				CLANG_WARN_SUSPICIOUS_MOVE = YES;
				CLANG_WARN_UNGUARDED_AVAILABILITY = YES_AGGRESSIVE;
				CLANG_WARN_UNREACHABLE_CODE = YES;
				CLANG_WARN__DUPLICATE_METHOD_MATCH = YES;
				CODE_SIGN_IDENTITY = "iPhone Developer";
				COPY_PHASE_STRIP = NO;
				DEBUG_INFORMATION_FORMAT = "dwarf-with-dsym";
				ENABLE_NS_ASSERTIONS = NO;
				ENABLE_STRICT_OBJC_MSGSEND = YES;
				GCC_C_LANGUAGE_STANDARD = gnu11;
				GCC_NO_COMMON_BLOCKS = YES;
				GCC_WARN_64_TO_32_BIT_CONVERSION = YES;
				GCC_WARN_ABOUT_RETURN_TYPE = YES_ERROR;
				GCC_WARN_UNDECLARED_SELECTOR = YES;
				GCC_WARN_UNINITIALIZED_AUTOS = YES_AGGRESSIVE;
				GCC_WARN_UNUSED_FUNCTION = YES;
				GCC_WARN_UNUSED_VARIABLE = YES;
				IPHONEOS_DEPLOYMENT_TARGET = 11.0;
				MTL_ENABLE_DEBUG_INFO = NO;
				SDKROOT = iphoneos;
				VALIDATE_PRODUCT = YES;
			};
			name = Release;
		};
		82E32F78204E2F2F00A46C61 /* Debug */ = {
			isa = XCBuildConfiguration;
			buildSettings = {
				ASSETCATALOG_COMPILER_APPICON_NAME = AppIcon;
				CODE_SIGN_STYLE = Manual;
				DEVELOPMENT_TEAM = WP3XQ8PU93;
				INFOPLIST_FILE = QRCode/Info.plist;
				IPHONEOS_DEPLOYMENT_TARGET = 9.0;
				LD_RUNPATH_SEARCH_PATHS = "$(inherited) @executable_path/Frameworks";
				PRODUCT_BUNDLE_IDENTIFIER = com.netviewtech.vuebell;
				PRODUCT_NAME = "$(TARGET_NAME)";
				PROVISIONING_PROFILE = "71b981eb-073d-46a1-bd46-490807add408";
				PROVISIONING_PROFILE_SPECIFIER = "match Development com.netviewtech.vuebell";
				TARGETED_DEVICE_FAMILY = "1,2";
			};
			name = Debug;
		};
		82E32F79204E2F2F00A46C61 /* Release */ = {
			isa = XCBuildConfiguration;
			buildSettings = {
				ASSETCATALOG_COMPILER_APPICON_NAME = AppIcon;
				CODE_SIGN_STYLE = Manual;
				DEVELOPMENT_TEAM = "";
				INFOPLIST_FILE = QRCode/Info.plist;
				IPHONEOS_DEPLOYMENT_TARGET = 9.0;
				LD_RUNPATH_SEARCH_PATHS = "$(inherited) @executable_path/Frameworks";
				PRODUCT_BUNDLE_IDENTIFIER = com.netviewtech.vuebell;
				PRODUCT_NAME = "$(TARGET_NAME)";
				PROVISIONING_PROFILE_SPECIFIER = "";
				TARGETED_DEVICE_FAMILY = "1,2";
			};
			name = Release;
		};
		82E32F7B204E2F2F00A46C61 /* Debug */ = {
			isa = XCBuildConfiguration;
			buildSettings = {
				BUNDLE_LOADER = "$(TEST_HOST)";
				CODE_SIGN_STYLE = Automatic;
				INFOPLIST_FILE = QRCodeTests/Info.plist;
				LD_RUNPATH_SEARCH_PATHS = "$(inherited) @executable_path/Frameworks @loader_path/Frameworks";
				PRODUCT_BUNDLE_IDENTIFIER = IANI.QRCodeTests;
				PRODUCT_NAME = "$(TARGET_NAME)";
				TARGETED_DEVICE_FAMILY = "1,2";
				TEST_HOST = "$(BUILT_PRODUCTS_DIR)/QRCode.app/QRCode";
			};
			name = Debug;
		};
		82E32F7C204E2F2F00A46C61 /* Release */ = {
			isa = XCBuildConfiguration;
			buildSettings = {
				BUNDLE_LOADER = "$(TEST_HOST)";
				CODE_SIGN_STYLE = Automatic;
				INFOPLIST_FILE = QRCodeTests/Info.plist;
				LD_RUNPATH_SEARCH_PATHS = "$(inherited) @executable_path/Frameworks @loader_path/Frameworks";
				PRODUCT_BUNDLE_IDENTIFIER = IANI.QRCodeTests;
				PRODUCT_NAME = "$(TARGET_NAME)";
				TARGETED_DEVICE_FAMILY = "1,2";
				TEST_HOST = "$(BUILT_PRODUCTS_DIR)/QRCode.app/QRCode";
			};
			name = Release;
		};
		82E32F7E204E2F2F00A46C61 /* Debug */ = {
			isa = XCBuildConfiguration;
			buildSettings = {
				CODE_SIGN_STYLE = Automatic;
				INFOPLIST_FILE = QRCodeUITests/Info.plist;
				LD_RUNPATH_SEARCH_PATHS = "$(inherited) @executable_path/Frameworks @loader_path/Frameworks";
				PRODUCT_BUNDLE_IDENTIFIER = IANI.QRCodeUITests;
				PRODUCT_NAME = "$(TARGET_NAME)";
				TARGETED_DEVICE_FAMILY = "1,2";
				TEST_TARGET_NAME = QRCode;
			};
			name = Debug;
		};
		82E32F7F204E2F2F00A46C61 /* Release */ = {
			isa = XCBuildConfiguration;
			buildSettings = {
				CODE_SIGN_STYLE = Automatic;
				INFOPLIST_FILE = QRCodeUITests/Info.plist;
				LD_RUNPATH_SEARCH_PATHS = "$(inherited) @executable_path/Frameworks @loader_path/Frameworks";
				PRODUCT_BUNDLE_IDENTIFIER = IANI.QRCodeUITests;
				PRODUCT_NAME = "$(TARGET_NAME)";
				TARGETED_DEVICE_FAMILY = "1,2";
				TEST_TARGET_NAME = QRCode;
			};
			name = Release;
		};
/* End XCBuildConfiguration section */

/* Begin XCConfigurationList section */
		82E32F46204E2F2F00A46C61 /* Build configuration list for PBXProject "QRCode" */ = {
			isa = XCConfigurationList;
			buildConfigurations = (
				82E32F75204E2F2F00A46C61 /* Debug */,
				82E32F76204E2F2F00A46C61 /* Release */,
			);
			defaultConfigurationIsVisible = 0;
			defaultConfigurationName = Release;
		};
		82E32F77204E2F2F00A46C61 /* Build configuration list for PBXNativeTarget "QRCode" */ = {
			isa = XCConfigurationList;
			buildConfigurations = (
				82E32F78204E2F2F00A46C61 /* Debug */,
				82E32F79204E2F2F00A46C61 /* Release */,
			);
			defaultConfigurationIsVisible = 0;
			defaultConfigurationName = Release;
		};
		82E32F7A204E2F2F00A46C61 /* Build configuration list for PBXNativeTarget "QRCodeTests" */ = {
			isa = XCConfigurationList;
			buildConfigurations = (
				82E32F7B204E2F2F00A46C61 /* Debug */,
				82E32F7C204E2F2F00A46C61 /* Release */,
			);
			defaultConfigurationIsVisible = 0;
			defaultConfigurationName = Release;
		};
		82E32F7D204E2F2F00A46C61 /* Build configuration list for PBXNativeTarget "QRCodeUITests" */ = {
			isa = XCConfigurationList;
			buildConfigurations = (
				82E32F7E204E2F2F00A46C61 /* Debug */,
				82E32F7F204E2F2F00A46C61 /* Release */,
			);
			defaultConfigurationIsVisible = 0;
			defaultConfigurationName = Release;
		};
/* End XCConfigurationList section */
	};
	rootObject = 82E32F43204E2F2F00A46C61 /* Project object */;
}
